
Microsoft Visual Studio Solution File, Format Version 12.00
# Visual Studio Version 17
VisualStudioVersion = 17.7.34031.279
MinimumVisualStudioVersion = 10.0.40219.1
Project("{FAE04EC0-301F-11D3-BF4B-00C04F79EFBC}") = "DependencyInjector", "DependencyInjector\DependencyInjector.csproj", "{169F23E0-AFA9-49AA-9394-7B597DDBEF5F}"
EndProject
Project("{9A19103F-16F7-4668-BE54-9A1E7A4F7556}") = "MathLibrary", "MathLibrary\MathLibrary.csproj", "{5B9F5B53-1A6A-4874-A476-D87AE0D70BDB}"
EndProject
Global
	GlobalSection(SolutionConfigurationPlatforms) = preSolution
		Debug|Any CPU = Debug|Any CPU
		Debug|ARM = Debug|ARM
		Debug|ARM64 = Debug|ARM64
		Debug|x64 = Debug|x64
		Debug|x86 = Debug|x86
		Release|Any CPU = Release|Any CPU
		Release|ARM = Release|ARM
		Release|ARM64 = Release|ARM64
		Release|x64 = Release|x64
		Release|x86 = Release|x86
	EndGlobalSection
	GlobalSection(ProjectConfigurationPlatforms) = postSolution
		{169F23E0-AFA9-49AA-9394-7B597DDBEF5F}.Debug|Any CPU.ActiveCfg = Debug|Any CPU
		{169F23E0-AFA9-49AA-9394-7B597DDBEF5F}.Debug|Any CPU.Build.0 = Debug|Any CPU
		{169F23E0-AFA9-49AA-9394-7B597DDBEF5F}.Debug|ARM.ActiveCfg = Debug|Any CPU
		{169F23E0-AFA9-49AA-9394-7B597DDBEF5F}.Debug|ARM.Build.0 = Debug|Any CPU
		{169F23E0-AFA9-49AA-9394-7B597DDBEF5F}.Debug|ARM64.ActiveCfg = Debug|Any CPU
		{169F23E0-AFA9-49AA-9394-7B597DDBEF5F}.Debug|ARM64.Build.0 = Debug|Any CPU
		{169F23E0-AFA9-49AA-9394-7B597DDBEF5F}.Debug|x64.ActiveCfg = Debug|Any CPU
		{169F23E0-AFA9-49AA-9394-7B597DDBEF5F}.Debug|x64.Build.0 = Debug|Any CPU
		{169F23E0-AFA9-49AA-9394-7B597DDBEF5F}.Debug|x86.ActiveCfg = Debug|Any CPU
		{169F23E0-AFA9-49AA-9394-7B597DDBEF5F}.Debug|x86.Build.0 = Debug|Any CPU
		{169F23E0-AFA9-49AA-9394-7B597DDBEF5F}.Release|Any CPU.ActiveCfg = Release|Any CPU
		{169F23E0-AFA9-49AA-9394-7B597DDBEF5F}.Release|Any CPU.Build.0 = Release|Any CPU
		{169F23E0-AFA9-49AA-9394-7B597DDBEF5F}.Release|ARM.ActiveCfg = Release|Any CPU
		{169F23E0-AFA9-49AA-9394-7B597DDBEF5F}.Release|ARM.Build.0 = Release|Any CPU
		{169F23E0-AFA9-49AA-9394-7B597DDBEF5F}.Release|ARM64.ActiveCfg = Release|Any CPU
		{169F23E0-AFA9-49AA-9394-7B597DDBEF5F}.Release|ARM64.Build.0 = Release|Any CPU
		{169F23E0-AFA9-49AA-9394-7B597DDBEF5F}.Release|x64.ActiveCfg = Release|Any CPU
		{169F23E0-AFA9-49AA-9394-7B597DDBEF5F}.Release|x64.Build.0 = Release|Any CPU
		{169F23E0-AFA9-49AA-9394-7B597DDBEF5F}.Release|x86.ActiveCfg = Release|Any CPU
		{169F23E0-AFA9-49AA-9394-7B597DDBEF5F}.Release|x86.Build.0 = Release|Any CPU
		{5B9F5B53-1A6A-4874-A476-D87AE0D70BDB}.Debug|Any CPU.ActiveCfg = Debug|Any CPU
		{5B9F5B53-1A6A-4874-A476-D87AE0D70BDB}.Debug|Any CPU.Build.0 = Debug|Any CPU
		{5B9F5B53-1A6A-4874-A476-D87AE0D70BDB}.Debug|ARM.ActiveCfg = Debug|Any CPU
		{5B9F5B53-1A6A-4874-A476-D87AE0D70BDB}.Debug|ARM.Build.0 = Debug|Any CPU
		{5B9F5B53-1A6A-4874-A476-D87AE0D70BDB}.Debug|ARM64.ActiveCfg = Debug|Any CPU
		{5B9F5B53-1A6A-4874-A476-D87AE0D70BDB}.Debug|ARM64.Build.0 = Debug|Any CPU
		{5B9F5B53-1A6A-4874-A476-D87AE0D70BDB}.Debug|x64.ActiveCfg = Debug|Any CPU
		{5B9F5B53-1A6A-4874-A476-D87AE0D70BDB}.Debug|x64.Build.0 = Debug|Any CPU
		{5B9F5B53-1A6A-4874-A476-D87AE0D70BDB}.Debug|x86.ActiveCfg = Debug|Any CPU
		{5B9F5B53-1A6A-4874-A476-D87AE0D70BDB}.Debug|x86.Build.0 = Debug|Any CPU
		{5B9F5B53-1A6A-4874-A476-D87AE0D70BDB}.Release|Any CPU.ActiveCfg = Release|Any CPU
		{5B9F5B53-1A6A-4874-A476-D87AE0D70BDB}.Release|Any CPU.Build.0 = Release|Any CPU
		{5B9F5B53-1A6A-4874-A476-D87AE0D70BDB}.Release|ARM.ActiveCfg = Release|Any CPU
		{5B9F5B53-1A6A-4874-A476-D87AE0D70BDB}.Release|ARM.Build.0 = Release|Any CPU
		{5B9F5B53-1A6A-4874-A476-D87AE0D70BDB}.Release|ARM64.ActiveCfg = Release|Any CPU
		{5B9F5B53-1A6A-4874-A476-D87AE0D70BDB}.Release|ARM64.Build.0 = Release|Any CPU
		{5B9F5B53-1A6A-4874-A476-D87AE0D70BDB}.Release|x64.ActiveCfg = Release|Any CPU
		{5B9F5B53-1A6A-4874-A476-D87AE0D70BDB}.Release|x64.Build.0 = Release|Any CPU
		{5B9F5B53-1A6A-4874-A476-D87AE0D70BDB}.Release|x86.ActiveCfg = Release|Any CPU
		{5B9F5B53-1A6A-4874-A476-D87AE0D70BDB}.Release|x86.Build.0 = Release|Any CPU
	EndGlobalSection
	GlobalSection(SolutionProperties) = preSolution
		HideSolutionNode = FALSE
	EndGlobalSection
	GlobalSection(ExtensibilityGlobals) = postSolution
		SolutionGuid = {5AEA12DB-F94A-402D-B9EE-344C0623DA9A}
	EndGlobalSection
EndGlobal
